
Microsoft Visual Studio Solution File, Format Version 12.00
# Visual Studio Version 16
VisualStudioVersion = 16.0.31220.234
MinimumVisualStudioVersion = 10.0.40219.1
Project("{9A19103F-16F7-4668-BE54-9A1E7A4F7556}") = "GettingStartedMaui", "GettingStartedMaui\GettingStartedMaui\GettingStartedMaui.csproj", "{90A18CDE-2486-4FD6-A8C1-07CA0464A3A1}"
EndProject
Project("{9A19103F-16F7-4668-BE54-9A1E7A4F7556}") = "GettingStartedMaui.WinUI", "GettingStartedMaui\GettingStartedMaui.WinUI\GettingStartedMaui.WinUI.csproj", "{32ADBCDF-9DF6-4A62-92A0-5F0959DD6BF3}"
EndProject
Global
	GlobalSection(SolutionConfigurationPlatforms) = preSolution
		Debug|Any CPU = Debug|Any CPU
		Release|Any CPU = Release|Any CPU
	EndGlobalSection
	GlobalSection(ProjectConfigurationPlatforms) = postSolution
		{90A18CDE-2486-4FD6-A8C1-07CA0464A3A1}.Debug|Any CPU.ActiveCfg = Debug|Any CPU
		{90A18CDE-2486-4FD6-A8C1-07CA0464A3A1}.Debug|Any CPU.Build.0 = Debug|Any CPU
		{90A18CDE-2486-4FD6-A8C1-07CA0464A3A1}.Debug|Any CPU.Deploy.0 = Debug|Any CPU
		{90A18CDE-2486-4FD6-A8C1-07CA0464A3A1}.Release|Any CPU.ActiveCfg = Release|Any CPU
		{90A18CDE-2486-4FD6-A8C1-07CA0464A3A1}.Release|Any CPU.Build.0 = Release|Any CPU
		{90A18CDE-2486-4FD6-A8C1-07CA0464A3A1}.Release|Any CPU.Deploy.0 = Release|Any CPU
		{32ADBCDF-9DF6-4A62-92A0-5F0959DD6BF3}.Debug|Any CPU.ActiveCfg = Debug|Any CPU
		{32ADBCDF-9DF6-4A62-92A0-5F0959DD6BF3}.Debug|Any CPU.Build.0 = Debug|Any CPU
		{32ADBCDF-9DF6-4A62-92A0-5F0959DD6BF3}.Debug|Any CPU.Deploy.0 = Debug|Any CPU
		{32ADBCDF-9DF6-4A62-92A0-5F0959DD6BF3}.Release|Any CPU.ActiveCfg = Release|Any CPU
		{32ADBCDF-9DF6-4A62-92A0-5F0959DD6BF3}.Release|Any CPU.Build.0 = Release|Any CPU
		{32ADBCDF-9DF6-4A62-92A0-5F0959DD6BF3}.Release|Any CPU.Deploy.0 = Release|Any CPU
	EndGlobalSection
	GlobalSection(SolutionProperties) = preSolution
		HideSolutionNode = FALSE
	EndGlobalSection
	GlobalSection(ExtensibilityGlobals) = postSolution
		SolutionGuid = {61F7FB11-1E47-470C-91E2-47F8143E1572}
	EndGlobalSection
EndGlobal
